{
  "name": "xeerpe-lustre",
  "lockfileVersion": 3,
  "requires": true,
  "packages": {
    "": {
      "devDependencies": {
        "xeerpe": "0.0.19"
      }
    },
    "node_modules/xeerpe": {
      "version": "0.0.19",
      "resolved": "https://registry.npmjs.org/xeerpe/-/xeerpe-0.0.19.tgz",
      "integrity": "sha512-09qv75Ff8ROm2Jiqf+TV6bl5P9fWDJNeh0+YRMi4GXinXFKBQSMQpCaf5IVuqhLZuzNzww+HYQQMl7MPPCdUBA==",
      "dev": true,
      "license": "MIT"
    }
  }
}
