{
  "name": "npm-xeerpe",
  "lockfileVersion": 3,
  "requires": true,
  "packages": {
    "": {
      "devDependencies": {
        "xeerpe": "1.0.2"
      }
    },
    "node_modules/xeerpe": {
      "version": "1.0.2",
      "resolved": "https://registry.npmjs.org/xeerpe/-/xeerpe-1.0.2.tgz",
      "integrity": "sha512-mPVYUEUOpqde/i0t5/6hEL0sa/4OFTSjYqFADNaYo4W9bu+YbxgOXLCi7YyVUOkcaudshmL1u+XRElMwQhc2Iw==",
      "dev": true,
      "license": "MIT"
    }
  }
}
